
Microsoft Visual Studio Solution File, Format Version 12.00
# Visual Studio Version 17
VisualStudioVersion = 17.9.34902.65
MinimumVisualStudioVersion = 10.0.40219.1
Project("{9A19103F-16F7-4668-BE54-9A1E7A4F7556}") = "YamlDotNetExtensions", "YamlDotNetExtensions\YamlDotNetExtensions.csproj", "{0549FF4C-AB11-4D19-8667-C5787CF81851}"
EndProject
Project("{9A19103F-16F7-4668-BE54-9A1E7A4F7556}") = "YamlDotNetExtensionsTests", "YamlDotNetExtensionsTests\YamlDotNetExtensionsTests.csproj", "{EB620C80-B05D-4DB4-8962-D241B6614AC4}"
EndProject
Global
	GlobalSection(SolutionConfigurationPlatforms) = preSolution
		Debug|Any CPU = Debug|Any CPU
		Release|Any CPU = Release|Any CPU
	EndGlobalSection
	GlobalSection(ProjectConfigurationPlatforms) = postSolution
		{0549FF4C-AB11-4D19-8667-C5787CF81851}.Debug|Any CPU.ActiveCfg = Debug|Any CPU
		{0549FF4C-AB11-4D19-8667-C5787CF81851}.Debug|Any CPU.Build.0 = Debug|Any CPU
		{0549FF4C-AB11-4D19-8667-C5787CF81851}.Release|Any CPU.ActiveCfg = Release|Any CPU
		{0549FF4C-AB11-4D19-8667-C5787CF81851}.Release|Any CPU.Build.0 = Release|Any CPU
		{EB620C80-B05D-4DB4-8962-D241B6614AC4}.Debug|Any CPU.ActiveCfg = Debug|Any CPU
		{EB620C80-B05D-4DB4-8962-D241B6614AC4}.Debug|Any CPU.Build.0 = Debug|Any CPU
		{EB620C80-B05D-4DB4-8962-D241B6614AC4}.Release|Any CPU.ActiveCfg = Release|Any CPU
		{EB620C80-B05D-4DB4-8962-D241B6614AC4}.Release|Any CPU.Build.0 = Release|Any CPU
	EndGlobalSection
	GlobalSection(SolutionProperties) = preSolution
		HideSolutionNode = FALSE
	EndGlobalSection
	GlobalSection(ExtensibilityGlobals) = postSolution
		SolutionGuid = {94583F23-7BD3-4D04-A417-23CD01FCD9B3}
	EndGlobalSection
EndGlobal
